
Microsoft Visual Studio Solution File, Format Version 12.00
# Visual Studio Version 17
VisualStudioVersion = 17.4.33205.214
MinimumVisualStudioVersion = 10.0.40219.1
Project("{FAE04EC0-301F-11D3-BF4B-00C04F79EFBC}") = "ZAD 3-6", "ZAD 3-6\ZAD 3-6.csproj", "{F8488BC0-1672-42CE-81EF-CECE8B27AD83}"
EndProject
Global
	GlobalSection(SolutionConfigurationPlatforms) = preSolution
		Debug|Any CPU = Debug|Any CPU
		Release|Any CPU = Release|Any CPU
	EndGlobalSection
	GlobalSection(ProjectConfigurationPlatforms) = postSolution
		{F8488BC0-1672-42CE-81EF-CECE8B27AD83}.Debug|Any CPU.ActiveCfg = Debug|Any CPU
		{F8488BC0-1672-42CE-81EF-CECE8B27AD83}.Debug|Any CPU.Build.0 = Debug|Any CPU
		{F8488BC0-1672-42CE-81EF-CECE8B27AD83}.Release|Any CPU.ActiveCfg = Release|Any CPU
		{F8488BC0-1672-42CE-81EF-CECE8B27AD83}.Release|Any CPU.Build.0 = Release|Any CPU
	EndGlobalSection
	GlobalSection(SolutionProperties) = preSolution
		HideSolutionNode = FALSE
	EndGlobalSection
	GlobalSection(ExtensibilityGlobals) = postSolution
		SolutionGuid = {D9170EC3-CB7B-4D0D-A1E2-1C095E3268C1}
	EndGlobalSection
EndGlobal
